// !$*UTF8*$!
{
	archiveVersion = 1;
	classes = {
	};
	objectVersion = 48;
	objects = {

/* Begin PBXBuildFile section */
		35C6FB63D9DB1BB3E90BB751 /* Pods_PListing_AppTests.framework in Frameworks */ = {isa = PBXBuildFile; fileRef = DD53C7323412C15095EDDA26 /* Pods_PListing_AppTests.framework */; };
		AC2B2B31A568BE81FDF9497C /* Pods_PListing_AppUITests.framework in Frameworks */ = {isa = PBXBuildFile; fileRef = EBFBBE2F4AED46A1E612FEC8 /* Pods_PListing_AppUITests.framework */; };
		D51707B220E0B29500A9F305 /* AppDelegate.swift in Sources */ = {isa = PBXBuildFile; fileRef = D51707B120E0B29500A9F305 /* AppDelegate.swift */; };
		D51707B420E0B29500A9F305 /* SignInPL.swift in Sources */ = {isa = PBXBuildFile; fileRef = D51707B320E0B29500A9F305 /* SignInPL.swift */; };
		D51707B720E0B29500A9F305 /* Main.storyboard in Resources */ = {isa = PBXBuildFile; fileRef = D51707B520E0B29500A9F305 /* Main.storyboard */; };
		D51707BA20E0B29500A9F305 /* PListing_App.xcdatamodeld in Sources */ = {isa = PBXBuildFile; fileRef = D51707B820E0B29500A9F305 /* PListing_App.xcdatamodeld */; };
		D51707BC20E0B29500A9F305 /* Assets.xcassets in Resources */ = {isa = PBXBuildFile; fileRef = D51707BB20E0B29500A9F305 /* Assets.xcassets */; };
		D51707BF20E0B29500A9F305 /* LaunchScreen.storyboard in Resources */ = {isa = PBXBuildFile; fileRef = D51707BD20E0B29500A9F305 /* LaunchScreen.storyboard */; };
		D51707CA20E0B29500A9F305 /* PListing_AppTests.swift in Sources */ = {isa = PBXBuildFile; fileRef = D51707C920E0B29500A9F305 /* PListing_AppTests.swift */; };
		D51707D520E0B29500A9F305 /* PListing_AppUITests.swift in Sources */ = {isa = PBXBuildFile; fileRef = D51707D420E0B29500A9F305 /* PListing_AppUITests.swift */; };
		D51707E320E0B3CB00A9F305 /* GoogleService-Info.plist in Resources */ = {isa = PBXBuildFile; fileRef = D51707E220E0B3CB00A9F305 /* GoogleService-Info.plist */; };
		F560262B449AE170B3543C0A /* Pods_PListing_App.framework in Frameworks */ = {isa = PBXBuildFile; fileRef = 723123BED27AFAFE61E9E093 /* Pods_PListing_App.framework */; };
/* End PBXBuildFile section */

/* Begin PBXContainerItemProxy section */
		D51707C620E0B29500A9F305 /* PBXContainerItemProxy */ = {
			isa = PBXContainerItemProxy;
			containerPortal = D51707A620E0B29500A9F305 /* Project object */;
			proxyType = 1;
			remoteGlobalIDString = D51707AD20E0B29500A9F305;
			remoteInfo = "PListing-App";
		};
		D51707D120E0B29500A9F305 /* PBXContainerItemProxy */ = {
			isa = PBXContainerItemProxy;
			containerPortal = D51707A620E0B29500A9F305 /* Project object */;
			proxyType = 1;
			remoteGlobalIDString = D51707AD20E0B29500A9F305;
			remoteInfo = "PListing-App";
		};
/* End PBXContainerItemProxy section */

/* Begin PBXFileReference section */
		5848EFDE1B0022A78094252C /* Pods-PListing-AppUITests.release.xcconfig */ = {isa = PBXFileReference; includeInIndex = 1; lastKnownFileType = text.xcconfig; name = "Pods-PListing-AppUITests.release.xcconfig"; path = "Pods/Target Support Files/Pods-PListing-AppUITests/Pods-PListing-AppUITests.release.xcconfig"; sourceTree = "<group>"; };
		6AD3C88A05CF8C0624356C3A /* Pods-PListing-AppTests.debug.xcconfig */ = {isa = PBXFileReference; includeInIndex = 1; lastKnownFileType = text.xcconfig; name = "Pods-PListing-AppTests.debug.xcconfig"; path = "Pods/Target Support Files/Pods-PListing-AppTests/Pods-PListing-AppTests.debug.xcconfig"; sourceTree = "<group>"; };
		723123BED27AFAFE61E9E093 /* Pods_PListing_App.framework */ = {isa = PBXFileReference; explicitFileType = wrapper.framework; includeInIndex = 0; path = Pods_PListing_App.framework; sourceTree = BUILT_PRODUCTS_DIR; };
		83A9ABFDEDACB97459F6F625 /* Pods-PListing-AppTests.release.xcconfig */ = {isa = PBXFileReference; includeInIndex = 1; lastKnownFileType = text.xcconfig; name = "Pods-PListing-AppTests.release.xcconfig"; path = "Pods/Target Support Files/Pods-PListing-AppTests/Pods-PListing-AppTests.release.xcconfig"; sourceTree = "<group>"; };
		9AA058576A05365BABBDAC1B /* Pods-PListing-App.release.xcconfig */ = {isa = PBXFileReference; includeInIndex = 1; lastKnownFileType = text.xcconfig; name = "Pods-PListing-App.release.xcconfig"; path = "Pods/Target Support Files/Pods-PListing-App/Pods-PListing-App.release.xcconfig"; sourceTree = "<group>"; };
		D51707AE20E0B29500A9F305 /* PListing-App.app */ = {isa = PBXFileReference; explicitFileType = wrapper.application; includeInIndex = 0; path = "PListing-App.app"; sourceTree = BUILT_PRODUCTS_DIR; };
		D51707B120E0B29500A9F305 /* AppDelegate.swift */ = {isa = PBXFileReference; lastKnownFileType = sourcecode.swift; path = AppDelegate.swift; sourceTree = "<group>"; };
		D51707B320E0B29500A9F305 /* SignInPL.swift */ = {isa = PBXFileReference; lastKnownFileType = sourcecode.swift; path = SignInPL.swift; sourceTree = "<group>"; };
		D51707B620E0B29500A9F305 /* Base */ = {isa = PBXFileReference; lastKnownFileType = file.storyboard; name = Base; path = Base.lproj/Main.storyboard; sourceTree = "<group>"; };
		D51707B920E0B29500A9F305 /* PListing_App.xcdatamodel */ = {isa = PBXFileReference; lastKnownFileType = wrapper.xcdatamodel; path = PListing_App.xcdatamodel; sourceTree = "<group>"; };
		D51707BB20E0B29500A9F305 /* Assets.xcassets */ = {isa = PBXFileReference; lastKnownFileType = folder.assetcatalog; path = Assets.xcassets; sourceTree = "<group>"; };
		D51707BE20E0B29500A9F305 /* Base */ = {isa = PBXFileReference; lastKnownFileType = file.storyboard; name = Base; path = Base.lproj/LaunchScreen.storyboard; sourceTree = "<group>"; };
		D51707C020E0B29500A9F305 /* Info.plist */ = {isa = PBXFileReference; lastKnownFileType = text.plist.xml; path = Info.plist; sourceTree = "<group>"; };
		D51707C520E0B29500A9F305 /* PListing-AppTests.xctest */ = {isa = PBXFileReference; explicitFileType = wrapper.cfbundle; includeInIndex = 0; path = "PListing-AppTests.xctest"; sourceTree = BUILT_PRODUCTS_DIR; };
		D51707C920E0B29500A9F305 /* PListing_AppTests.swift */ = {isa = PBXFileReference; lastKnownFileType = sourcecode.swift; path = PListing_AppTests.swift; sourceTree = "<group>"; };
		D51707CB20E0B29500A9F305 /* Info.plist */ = {isa = PBXFileReference; lastKnownFileType = text.plist.xml; path = Info.plist; sourceTree = "<group>"; };
		D51707D020E0B29500A9F305 /* PListing-AppUITests.xctest */ = {isa = PBXFileReference; explicitFileType = wrapper.cfbundle; includeInIndex = 0; path = "PListing-AppUITests.xctest"; sourceTree = BUILT_PRODUCTS_DIR; };
		D51707D420E0B29500A9F305 /* PListing_AppUITests.swift */ = {isa = PBXFileReference; lastKnownFileType = sourcecode.swift; path = PListing_AppUITests.swift; sourceTree = "<group>"; };
		D51707D620E0B29500A9F305 /* Info.plist */ = {isa = PBXFileReference; lastKnownFileType = text.plist.xml; path = Info.plist; sourceTree = "<group>"; };
		D51707E220E0B3CB00A9F305 /* GoogleService-Info.plist */ = {isa = PBXFileReference; fileEncoding = 4; lastKnownFileType = text.plist.xml; path = "GoogleService-Info.plist"; sourceTree = "<group>"; };
		DD53C7323412C15095EDDA26 /* Pods_PListing_AppTests.framework */ = {isa = PBXFileReference; explicitFileType = wrapper.framework; includeInIndex = 0; path = Pods_PListing_AppTests.framework; sourceTree = BUILT_PRODUCTS_DIR; };
		E748F7EA09D666883605B94E /* Pods-PListing-AppUITests.debug.xcconfig */ = {isa = PBXFileReference; includeInIndex = 1; lastKnownFileType = text.xcconfig; name = "Pods-PListing-AppUITests.debug.xcconfig"; path = "Pods/Target Support Files/Pods-PListing-AppUITests/Pods-PListing-AppUITests.debug.xcconfig"; sourceTree = "<group>"; };
		E9BB227F8C31F41825B5F25F /* Pods-PListing-App.debug.xcconfig */ = {isa = PBXFileReference; includeInIndex = 1; lastKnownFileType = text.xcconfig; name = "Pods-PListing-App.debug.xcconfig"; path = "Pods/Target Support Files/Pods-PListing-App/Pods-PListing-App.debug.xcconfig"; sourceTree = "<group>"; };
		EBFBBE2F4AED46A1E612FEC8 /* Pods_PListing_AppUITests.framework */ = {isa = PBXFileReference; explicitFileType = wrapper.framework; includeInIndex = 0; path = Pods_PListing_AppUITests.framework; sourceTree = BUILT_PRODUCTS_DIR; };
/* End PBXFileReference section */

/* Begin PBXFrameworksBuildPhase section */
		D51707AB20E0B29500A9F305 /* Frameworks */ = {
			isa = PBXFrameworksBuildPhase;
			buildActionMask = 2147483647;
			files = (
				F560262B449AE170B3543C0A /* Pods_PListing_App.framework in Frameworks */,
			);
			runOnlyForDeploymentPostprocessing = 0;
		};
		D51707C220E0B29500A9F305 /* Frameworks */ = {
			isa = PBXFrameworksBuildPhase;
			buildActionMask = 2147483647;
			files = (
				35C6FB63D9DB1BB3E90BB751 /* Pods_PListing_AppTests.framework in Frameworks */,
			);
			runOnlyForDeploymentPostprocessing = 0;
		};
		D51707CD20E0B29500A9F305 /* Frameworks */ = {
			isa = PBXFrameworksBuildPhase;
			buildActionMask = 2147483647;
			files = (
				AC2B2B31A568BE81FDF9497C /* Pods_PListing_AppUITests.framework in Frameworks */,
			);
			runOnlyForDeploymentPostprocessing = 0;
		};
/* End PBXFrameworksBuildPhase section */

/* Begin PBXGroup section */
		3D297EA9DC2FE351C309EA9C /* Pods */ = {
			isa = PBXGroup;
			children = (
				E9BB227F8C31F41825B5F25F /* Pods-PListing-App.debug.xcconfig */,
				9AA058576A05365BABBDAC1B /* Pods-PListing-App.release.xcconfig */,
				6AD3C88A05CF8C0624356C3A /* Pods-PListing-AppTests.debug.xcconfig */,
				83A9ABFDEDACB97459F6F625 /* Pods-PListing-AppTests.release.xcconfig */,
				E748F7EA09D666883605B94E /* Pods-PListing-AppUITests.debug.xcconfig */,
				5848EFDE1B0022A78094252C /* Pods-PListing-AppUITests.release.xcconfig */,
			);
			name = Pods;
			sourceTree = "<group>";
		};
		BB4276A68ABE999277C7B388 /* Frameworks */ = {
			isa = PBXGroup;
			children = (
				723123BED27AFAFE61E9E093 /* Pods_PListing_App.framework */,
				DD53C7323412C15095EDDA26 /* Pods_PListing_AppTests.framework */,
				EBFBBE2F4AED46A1E612FEC8 /* Pods_PListing_AppUITests.framework */,
			);
			name = Frameworks;
			sourceTree = "<group>";
		};
		D51707A520E0B29500A9F305 = {
			isa = PBXGroup;
			children = (
				D51707B020E0B29500A9F305 /* PListing-App */,
				D51707C820E0B29500A9F305 /* PListing-AppTests */,
				D51707D320E0B29500A9F305 /* PListing-AppUITests */,
				D51707AF20E0B29500A9F305 /* Products */,
				3D297EA9DC2FE351C309EA9C /* Pods */,
				BB4276A68ABE999277C7B388 /* Frameworks */,
			);
			sourceTree = "<group>";
		};
		D51707AF20E0B29500A9F305 /* Products */ = {
			isa = PBXGroup;
			children = (
				D51707AE20E0B29500A9F305 /* PListing-App.app */,
				D51707C520E0B29500A9F305 /* PListing-AppTests.xctest */,
				D51707D020E0B29500A9F305 /* PListing-AppUITests.xctest */,
			);
			name = Products;
			sourceTree = "<group>";
		};
		D51707B020E0B29500A9F305 /* PListing-App */ = {
			isa = PBXGroup;
			children = (
				D532D7E420E0B94900FD14A5 /* Constroller */,
				D532D7E320E0B93B00FD14A5 /* View */,
				D532D7E220E0B93400FD14A5 /* Model */,
				D51707B120E0B29500A9F305 /* AppDelegate.swift */,
				D51707B520E0B29500A9F305 /* Main.storyboard */,
				D51707BB20E0B29500A9F305 /* Assets.xcassets */,
				D51707BD20E0B29500A9F305 /* LaunchScreen.storyboard */,
				D51707C020E0B29500A9F305 /* Info.plist */,
				D51707B820E0B29500A9F305 /* PListing_App.xcdatamodeld */,
				D51707E220E0B3CB00A9F305 /* GoogleService-Info.plist */,
			);
			path = "PListing-App";
			sourceTree = "<group>";
		};
		D51707C820E0B29500A9F305 /* PListing-AppTests */ = {
			isa = PBXGroup;
			children = (
				D51707C920E0B29500A9F305 /* PListing_AppTests.swift */,
				D51707CB20E0B29500A9F305 /* Info.plist */,
			);
			path = "PListing-AppTests";
			sourceTree = "<group>";
		};
		D51707D320E0B29500A9F305 /* PListing-AppUITests */ = {
			isa = PBXGroup;
			children = (
				D51707D420E0B29500A9F305 /* PListing_AppUITests.swift */,
				D51707D620E0B29500A9F305 /* Info.plist */,
			);
			path = "PListing-AppUITests";
			sourceTree = "<group>";
		};
		D532D7E220E0B93400FD14A5 /* Model */ = {
			isa = PBXGroup;
			children = (
			);
			path = Model;
			sourceTree = "<group>";
		};
		D532D7E320E0B93B00FD14A5 /* View */ = {
			isa = PBXGroup;
			children = (
			);
			path = View;
			sourceTree = "<group>";
		};
		D532D7E420E0B94900FD14A5 /* Constroller */ = {
			isa = PBXGroup;
			children = (
				D51707B320E0B29500A9F305 /* SignInPL.swift */,
			);
			path = Constroller;
			sourceTree = "<group>";
		};
/* End PBXGroup section */

/* Begin PBXNativeTarget section */
		D51707AD20E0B29500A9F305 /* PListing-App */ = {
			isa = PBXNativeTarget;
			buildConfigurationList = D51707D920E0B29500A9F305 /* Build configuration list for PBXNativeTarget "PListing-App" */;
			buildPhases = (
				CB6A49827FC8D5B31F986024 /* [CP] Check Pods Manifest.lock */,
				D51707AA20E0B29500A9F305 /* Sources */,
				D51707AB20E0B29500A9F305 /* Frameworks */,
				D51707AC20E0B29500A9F305 /* Resources */,
				B5F0943CE5445F4E98D9EB35 /* [CP] Embed Pods Frameworks */,
			);
			buildRules = (
			);
			dependencies = (
			);
			name = "PListing-App";
			productName = "PListing-App";
			productReference = D51707AE20E0B29500A9F305 /* PListing-App.app */;
			productType = "com.apple.product-type.application";
		};
		D51707C420E0B29500A9F305 /* PListing-AppTests */ = {
			isa = PBXNativeTarget;
			buildConfigurationList = D51707DC20E0B29500A9F305 /* Build configuration list for PBXNativeTarget "PListing-AppTests" */;
			buildPhases = (
				73049E53A32DEAC76D8C978B /* [CP] Check Pods Manifest.lock */,
				D51707C120E0B29500A9F305 /* Sources */,
				D51707C220E0B29500A9F305 /* Frameworks */,
				D51707C320E0B29500A9F305 /* Resources */,
			);
			buildRules = (
			);
			dependencies = (
				D51707C720E0B29500A9F305 /* PBXTargetDependency */,
			);
			name = "PListing-AppTests";
			productName = "PListing-AppTests";
			productReference = D51707C520E0B29500A9F305 /* PListing-AppTests.xctest */;
			productType = "com.apple.product-type.bundle.unit-test";
		};
		D51707CF20E0B29500A9F305 /* PListing-AppUITests */ = {
			isa = PBXNativeTarget;
			buildConfigurationList = D51707DF20E0B29500A9F305 /* Build configuration list for PBXNativeTarget "PListing-AppUITests" */;
			buildPhases = (
				6C1A40D74990620CA8D6408E /* [CP] Check Pods Manifest.lock */,
				D51707CC20E0B29500A9F305 /* Sources */,
				D51707CD20E0B29500A9F305 /* Frameworks */,
				D51707CE20E0B29500A9F305 /* Resources */,
			);
			buildRules = (
			);
			dependencies = (
				D51707D220E0B29500A9F305 /* PBXTargetDependency */,
			);
			name = "PListing-AppUITests";
			productName = "PListing-AppUITests";
			productReference = D51707D020E0B29500A9F305 /* PListing-AppUITests.xctest */;
			productType = "com.apple.product-type.bundle.ui-testing";
		};
/* End PBXNativeTarget section */

/* Begin PBXProject section */
		D51707A620E0B29500A9F305 /* Project object */ = {
			isa = PBXProject;
			attributes = {
				LastSwiftUpdateCheck = 0910;
				LastUpgradeCheck = 0910;
				ORGANIZATIONNAME = "Plitz Corporation";
				TargetAttributes = {
					D51707AD20E0B29500A9F305 = {
						CreatedOnToolsVersion = 9.1;
						ProvisioningStyle = Automatic;
					};
					D51707C420E0B29500A9F305 = {
						CreatedOnToolsVersion = 9.1;
						ProvisioningStyle = Automatic;
						TestTargetID = D51707AD20E0B29500A9F305;
					};
					D51707CF20E0B29500A9F305 = {
						CreatedOnToolsVersion = 9.1;
						ProvisioningStyle = Automatic;
						TestTargetID = D51707AD20E0B29500A9F305;
					};
				};
			};
			buildConfigurationList = D51707A920E0B29500A9F305 /* Build configuration list for PBXProject "PListing-App" */;
			compatibilityVersion = "Xcode 8.0";
			developmentRegion = en;
			hasScannedForEncodings = 0;
			knownRegions = (
				en,
				Base,
			);
			mainGroup = D51707A520E0B29500A9F305;
			productRefGroup = D51707AF20E0B29500A9F305 /* Products */;
			projectDirPath = "";
			projectRoot = "";
			targets = (
				D51707AD20E0B29500A9F305 /* PListing-App */,
				D51707C420E0B29500A9F305 /* PListing-AppTests */,
				D51707CF20E0B29500A9F305 /* PListing-AppUITests */,
			);
		};
/* End PBXProject section */

/* Begin PBXResourcesBuildPhase section */
		D51707AC20E0B29500A9F305 /* Resources */ = {
			isa = PBXResourcesBuildPhase;
			buildActionMask = 2147483647;
			files = (
				D51707BF20E0B29500A9F305 /* LaunchScreen.storyboard in Resources */,
				D51707E320E0B3CB00A9F305 /* GoogleService-Info.plist in Resources */,
				D51707BC20E0B29500A9F305 /* Assets.xcassets in Resources */,
				D51707B720E0B29500A9F305 /* Main.storyboard in Resources */,
			);
			runOnlyForDeploymentPostprocessing = 0;
		};
		D51707C320E0B29500A9F305 /* Resources */ = {
			isa = PBXResourcesBuildPhase;
			buildActionMask = 2147483647;
			files = (
			);
			runOnlyForDeploymentPostprocessing = 0;
		};
		D51707CE20E0B29500A9F305 /* Resources */ = {
			isa = PBXResourcesBuildPhase;
			buildActionMask = 2147483647;
			files = (
			);
			runOnlyForDeploymentPostprocessing = 0;
		};
/* End PBXResourcesBuildPhase section */

/* Begin PBXShellScriptBuildPhase section */
		6C1A40D74990620CA8D6408E /* [CP] Check Pods Manifest.lock */ = {
			isa = PBXShellScriptBuildPhase;
			buildActionMask = 2147483647;
			files = (
			);
			inputPaths = (
				"${PODS_PODFILE_DIR_PATH}/Podfile.lock",
				"${PODS_ROOT}/Manifest.lock",
			);
			name = "[CP] Check Pods Manifest.lock";
			outputPaths = (
				"$(DERIVED_FILE_DIR)/Pods-PListing-AppUITests-checkManifestLockResult.txt",
			);
			runOnlyForDeploymentPostprocessing = 0;
			shellPath = /bin/sh;
			shellScript = "diff \"${PODS_PODFILE_DIR_PATH}/Podfile.lock\" \"${PODS_ROOT}/Manifest.lock\" > /dev/null\nif [ $? != 0 ] ; then\n    # print error to STDERR\n    echo \"error: The sandbox is not in sync with the Podfile.lock. Run 'pod install' or update your CocoaPods installation.\" >&2\n    exit 1\nfi\n# This output is used by Xcode 'outputs' to avoid re-running this script phase.\necho \"SUCCESS\" > \"${SCRIPT_OUTPUT_FILE_0}\"\n";
			showEnvVarsInLog = 0;
		};
		73049E53A32DEAC76D8C978B /* [CP] Check Pods Manifest.lock */ = {
			isa = PBXShellScriptBuildPhase;
			buildActionMask = 2147483647;
			files = (
			);
			inputPaths = (
				"${PODS_PODFILE_DIR_PATH}/Podfile.lock",
				"${PODS_ROOT}/Manifest.lock",
			);
			name = "[CP] Check Pods Manifest.lock";
			outputPaths = (
				"$(DERIVED_FILE_DIR)/Pods-PListing-AppTests-checkManifestLockResult.txt",
			);
			runOnlyForDeploymentPostprocessing = 0;
			shellPath = /bin/sh;
			shellScript = "diff \"${PODS_PODFILE_DIR_PATH}/Podfile.lock\" \"${PODS_ROOT}/Manifest.lock\" > /dev/null\nif [ $? != 0 ] ; then\n    # print error to STDERR\n    echo \"error: The sandbox is not in sync with the Podfile.lock. Run 'pod install' or update your CocoaPods installation.\" >&2\n    exit 1\nfi\n# This output is used by Xcode 'outputs' to avoid re-running this script phase.\necho \"SUCCESS\" > \"${SCRIPT_OUTPUT_FILE_0}\"\n";
			showEnvVarsInLog = 0;
		};
		B5F0943CE5445F4E98D9EB35 /* [CP] Embed Pods Frameworks */ = {
			isa = PBXShellScriptBuildPhase;
			buildActionMask = 2147483647;
			files = (
			);
			inputPaths = (
				"${SRCROOT}/Pods/Target Support Files/Pods-PListing-App/Pods-PListing-App-frameworks.sh",
				"${BUILT_PRODUCTS_DIR}/GTMSessionFetcher/GTMSessionFetcher.framework",
				"${BUILT_PRODUCTS_DIR}/GoogleToolboxForMac/GoogleToolboxForMac.framework",
				"${BUILT_PRODUCTS_DIR}/leveldb-library/leveldb.framework",
				"${BUILT_PRODUCTS_DIR}/nanopb/nanopb.framework",
			);
			name = "[CP] Embed Pods Frameworks";
			outputPaths = (
				"${TARGET_BUILD_DIR}/${FRAMEWORKS_FOLDER_PATH}/GTMSessionFetcher.framework",
				"${TARGET_BUILD_DIR}/${FRAMEWORKS_FOLDER_PATH}/GoogleToolboxForMac.framework",
				"${TARGET_BUILD_DIR}/${FRAMEWORKS_FOLDER_PATH}/leveldb.framework",
				"${TARGET_BUILD_DIR}/${FRAMEWORKS_FOLDER_PATH}/nanopb.framework",
			);
			runOnlyForDeploymentPostprocessing = 0;
			shellPath = /bin/sh;
			shellScript = "\"${SRCROOT}/Pods/Target Support Files/Pods-PListing-App/Pods-PListing-App-frameworks.sh\"\n";
			showEnvVarsInLog = 0;
		};
		CB6A49827FC8D5B31F986024 /* [CP] Check Pods Manifest.lock */ = {
			isa = PBXShellScriptBuildPhase;
			buildActionMask = 2147483647;
			files = (
			);
			inputPaths = (
				"${PODS_PODFILE_DIR_PATH}/Podfile.lock",
				"${PODS_ROOT}/Manifest.lock",
			);
			name = "[CP] Check Pods Manifest.lock";
			outputPaths = (
				"$(DERIVED_FILE_DIR)/Pods-PListing-App-checkManifestLockResult.txt",
			);
			runOnlyForDeploymentPostprocessing = 0;
			shellPath = /bin/sh;
			shellScript = "diff \"${PODS_PODFILE_DIR_PATH}/Podfile.lock\" \"${PODS_ROOT}/Manifest.lock\" > /dev/null\nif [ $? != 0 ] ; then\n    # print error to STDERR\n    echo \"error: The sandbox is not in sync with the Podfile.lock. Run 'pod install' or update your CocoaPods installation.\" >&2\n    exit 1\nfi\n# This output is used by Xcode 'outputs' to avoid re-running this script phase.\necho \"SUCCESS\" > \"${SCRIPT_OUTPUT_FILE_0}\"\n";
			showEnvVarsInLog = 0;
		};
/* End PBXShellScriptBuildPhase section */

/* Begin PBXSourcesBuildPhase section */
		D51707AA20E0B29500A9F305 /* Sources */ = {
			isa = PBXSourcesBuildPhase;
			buildActionMask = 2147483647;
			files = (
				D51707BA20E0B29500A9F305 /* PListing_App.xcdatamodeld in Sources */,
				D51707B420E0B29500A9F305 /* SignInPL.swift in Sources */,
				D51707B220E0B29500A9F305 /* AppDelegate.swift in Sources */,
			);
			runOnlyForDeploymentPostprocessing = 0;
		};
		D51707C120E0B29500A9F305 /* Sources */ = {
			isa = PBXSourcesBuildPhase;
			buildActionMask = 2147483647;
			files = (
				D51707CA20E0B29500A9F305 /* PListing_AppTests.swift in Sources */,
			);
			runOnlyForDeploymentPostprocessing = 0;
		};
		D51707CC20E0B29500A9F305 /* Sources */ = {
			isa = PBXSourcesBuildPhase;
			buildActionMask = 2147483647;
			files = (
				D51707D520E0B29500A9F305 /* PListing_AppUITests.swift in Sources */,
			);
			runOnlyForDeploymentPostprocessing = 0;
		};
/* End PBXSourcesBuildPhase section */

/* Begin PBXTargetDependency section */
		D51707C720E0B29500A9F305 /* PBXTargetDependency */ = {
			isa = PBXTargetDependency;
			target = D51707AD20E0B29500A9F305 /* PListing-App */;
			targetProxy = D51707C620E0B29500A9F305 /* PBXContainerItemProxy */;
		};
		D51707D220E0B29500A9F305 /* PBXTargetDependency */ = {
			isa = PBXTargetDependency;
			target = D51707AD20E0B29500A9F305 /* PListing-App */;
			targetProxy = D51707D120E0B29500A9F305 /* PBXContainerItemProxy */;
		};
/* End PBXTargetDependency section */

/* Begin PBXVariantGroup section */
		D51707B520E0B29500A9F305 /* Main.storyboard */ = {
			isa = PBXVariantGroup;
			children = (
				D51707B620E0B29500A9F305 /* Base */,
			);
			name = Main.storyboard;
			sourceTree = "<group>";
		};
		D51707BD20E0B29500A9F305 /* LaunchScreen.storyboard */ = {
			isa = PBXVariantGroup;
			children = (
				D51707BE20E0B29500A9F305 /* Base */,
			);
			name = LaunchScreen.storyboard;
			sourceTree = "<group>";
		};
/* End PBXVariantGroup section */

/* Begin XCBuildConfiguration section */
		D51707D720E0B29500A9F305 /* Debug */ = {
			isa = XCBuildConfiguration;
			buildSettings = {
				ALWAYS_SEARCH_USER_PATHS = NO;
				CLANG_ANALYZER_NONNULL = YES;
				CLANG_ANALYZER_NUMBER_OBJECT_CONVERSION = YES_AGGRESSIVE;
				CLANG_CXX_LANGUAGE_STANDARD = "gnu++14";
				CLANG_CXX_LIBRARY = "libc++";
				CLANG_ENABLE_MODULES = YES;
				CLANG_ENABLE_OBJC_ARC = YES;
				CLANG_WARN_BLOCK_CAPTURE_AUTORELEASING = YES;
				CLANG_WARN_BOOL_CONVERSION = YES;
				CLANG_WARN_COMMA = YES;
				CLANG_WARN_CONSTANT_CONVERSION = YES;
				CLANG_WARN_DIRECT_OBJC_ISA_USAGE = YES_ERROR;
				CLANG_WARN_DOCUMENTATION_COMMENTS = YES;
				CLANG_WARN_EMPTY_BODY = YES;
				CLANG_WARN_ENUM_CONVERSION = YES;
				CLANG_WARN_INFINITE_RECURSION = YES;
				CLANG_WARN_INT_CONVERSION = YES;
				CLANG_WARN_NON_LITERAL_NULL_CONVERSION = YES;
				CLANG_WARN_OBJC_LITERAL_CONVERSION = YES;
				CLANG_WARN_OBJC_ROOT_CLASS = YES_ERROR;
				CLANG_WARN_RANGE_LOOP_ANALYSIS = YES;
				CLANG_WARN_STRICT_PROTOTYPES = YES;
				CLANG_WARN_SUSPICIOUS_MOVE = YES;
				CLANG_WARN_UNGUARDED_AVAILABILITY = YES_AGGRESSIVE;
				CLANG_WARN_UNREACHABLE_CODE = YES;
				CLANG_WARN__DUPLICATE_METHOD_MATCH = YES;
				CODE_SIGN_IDENTITY = "iPhone Developer";
				COPY_PHASE_STRIP = NO;
				DEBUG_INFORMATION_FORMAT = dwarf;
				ENABLE_STRICT_OBJC_MSGSEND = YES;
				ENABLE_TESTABILITY = YES;
				GCC_C_LANGUAGE_STANDARD = gnu11;
				GCC_DYNAMIC_NO_PIC = NO;
				GCC_NO_COMMON_BLOCKS = YES;
				GCC_OPTIMIZATION_LEVEL = 0;
				GCC_PREPROCESSOR_DEFINITIONS = (
					"DEBUG=1",
					"$(inherited)",
				);
				GCC_WARN_64_TO_32_BIT_CONVERSION = YES;
				GCC_WARN_ABOUT_RETURN_TYPE = YES_ERROR;
				GCC_WARN_UNDECLARED_SELECTOR = YES;
				GCC_WARN_UNINITIALIZED_AUTOS = YES_AGGRESSIVE;
				GCC_WARN_UNUSED_FUNCTION = YES;
				GCC_WARN_UNUSED_VARIABLE = YES;
				IPHONEOS_DEPLOYMENT_TARGET = 11.1;
				MTL_ENABLE_DEBUG_INFO = YES;
				ONLY_ACTIVE_ARCH = YES;
				SDKROOT = iphoneos;
				SWIFT_ACTIVE_COMPILATION_CONDITIONS = DEBUG;
				SWIFT_OPTIMIZATION_LEVEL = "-Onone";
			};
			name = Debug;
		};
		D51707D820E0B29500A9F305 /* Release */ = {
			isa = XCBuildConfiguration;
			buildSettings = {
				ALWAYS_SEARCH_USER_PATHS = NO;
				CLANG_ANALYZER_NONNULL = YES;
				CLANG_ANALYZER_NUMBER_OBJECT_CONVERSION = YES_AGGRESSIVE;
				CLANG_CXX_LANGUAGE_STANDARD = "gnu++14";
				CLANG_CXX_LIBRARY = "libc++";
				CLANG_ENABLE_MODULES = YES;
				CLANG_ENABLE_OBJC_ARC = YES;
				CLANG_WARN_BLOCK_CAPTURE_AUTORELEASING = YES;
				CLANG_WARN_BOOL_CONVERSION = YES;
				CLANG_WARN_COMMA = YES;
				CLANG_WARN_CONSTANT_CONVERSION = YES;
				CLANG_WARN_DIRECT_OBJC_ISA_USAGE = YES_ERROR;
				CLANG_WARN_DOCUMENTATION_COMMENTS = YES;
				CLANG_WARN_EMPTY_BODY = YES;
				CLANG_WARN_ENUM_CONVERSION = YES;
				CLANG_WARN_INFINITE_RECURSION = YES;
				CLANG_WARN_INT_CONVERSION = YES;
				CLANG_WARN_NON_LITERAL_NULL_CONVERSION = YES;
				CLANG_WARN_OBJC_LITERAL_CONVERSION = YES;
				CLANG_WARN_OBJC_ROOT_CLASS = YES_ERROR;
				CLANG_WARN_RANGE_LOOP_ANALYSIS = YES;
				CLANG_WARN_STRICT_PROTOTYPES = YES;
				CLANG_WARN_SUSPICIOUS_MOVE = YES;
				CLANG_WARN_UNGUARDED_AVAILABILITY = YES_AGGRESSIVE;
				CLANG_WARN_UNREACHABLE_CODE = YES;
				CLANG_WARN__DUPLICATE_METHOD_MATCH = YES;
				CODE_SIGN_IDENTITY = "iPhone Developer";
				COPY_PHASE_STRIP = NO;
				DEBUG_INFORMATION_FORMAT = "dwarf-with-dsym";
				ENABLE_NS_ASSERTIONS = NO;
				ENABLE_STRICT_OBJC_MSGSEND = YES;
				GCC_C_LANGUAGE_STANDARD = gnu11;
				GCC_NO_COMMON_BLOCKS = YES;
				GCC_WARN_64_TO_32_BIT_CONVERSION = YES;
				GCC_WARN_ABOUT_RETURN_TYPE = YES_ERROR;
				GCC_WARN_UNDECLARED_SELECTOR = YES;
				GCC_WARN_UNINITIALIZED_AUTOS = YES_AGGRESSIVE;
				GCC_WARN_UNUSED_FUNCTION = YES;
				GCC_WARN_UNUSED_VARIABLE = YES;
				IPHONEOS_DEPLOYMENT_TARGET = 11.1;
				MTL_ENABLE_DEBUG_INFO = NO;
				SDKROOT = iphoneos;
				SWIFT_OPTIMIZATION_LEVEL = "-Owholemodule";
				VALIDATE_PRODUCT = YES;
			};
			name = Release;
		};
		D51707DA20E0B29500A9F305 /* Debug */ = {
			isa = XCBuildConfiguration;
			baseConfigurationReference = E9BB227F8C31F41825B5F25F /* Pods-PListing-App.debug.xcconfig */;
			buildSettings = {
				ASSETCATALOG_COMPILER_APPICON_NAME = AppIcon;
				CODE_SIGN_STYLE = Automatic;
				DEVELOPMENT_TEAM = YU897ADY42;
				INFOPLIST_FILE = "PListing-App/Info.plist";
				LD_RUNPATH_SEARCH_PATHS = "$(inherited) @executable_path/Frameworks";
				PRODUCT_BUNDLE_IDENTIFIER = "Plitz.PListing-App";
				PRODUCT_NAME = "$(TARGET_NAME)";
				SWIFT_VERSION = 4.0;
				TARGETED_DEVICE_FAMILY = "1,2";
			};
			name = Debug;
		};
		D51707DB20E0B29500A9F305 /* Release */ = {
			isa = XCBuildConfiguration;
			baseConfigurationReference = 9AA058576A05365BABBDAC1B /* Pods-PListing-App.release.xcconfig */;
			buildSettings = {
				ASSETCATALOG_COMPILER_APPICON_NAME = AppIcon;
				CODE_SIGN_STYLE = Automatic;
				DEVELOPMENT_TEAM = YU897ADY42;
				INFOPLIST_FILE = "PListing-App/Info.plist";
				LD_RUNPATH_SEARCH_PATHS = "$(inherited) @executable_path/Frameworks";
				PRODUCT_BUNDLE_IDENTIFIER = "Plitz.PListing-App";
				PRODUCT_NAME = "$(TARGET_NAME)";
				SWIFT_VERSION = 4.0;
				TARGETED_DEVICE_FAMILY = "1,2";
			};
			name = Release;
		};
		D51707DD20E0B29500A9F305 /* Debug */ = {
			isa = XCBuildConfiguration;
			baseConfigurationReference = 6AD3C88A05CF8C0624356C3A /* Pods-PListing-AppTests.debug.xcconfig */;
			buildSettings = {
				ALWAYS_EMBED_SWIFT_STANDARD_LIBRARIES = YES;
				BUNDLE_LOADER = "$(TEST_HOST)";
				CODE_SIGN_STYLE = Automatic;
				DEVELOPMENT_TEAM = YU897ADY42;
				INFOPLIST_FILE = "PListing-AppTests/Info.plist";
				LD_RUNPATH_SEARCH_PATHS = "$(inherited) @executable_path/Frameworks @loader_path/Frameworks";
				PRODUCT_BUNDLE_IDENTIFIER = "Plitz.PListing-AppTests";
				PRODUCT_NAME = "$(TARGET_NAME)";
				SWIFT_VERSION = 4.0;
				TARGETED_DEVICE_FAMILY = "1,2";
				TEST_HOST = "$(BUILT_PRODUCTS_DIR)/PListing-App.app/PListing-App";
			};
			name = Debug;
		};
		D51707DE20E0B29500A9F305 /* Release */ = {
			isa = XCBuildConfiguration;
			baseConfigurationReference = 83A9ABFDEDACB97459F6F625 /* Pods-PListing-AppTests.release.xcconfig */;
			buildSettings = {
				ALWAYS_EMBED_SWIFT_STANDARD_LIBRARIES = YES;
				BUNDLE_LOADER = "$(TEST_HOST)";
				CODE_SIGN_STYLE = Automatic;
				DEVELOPMENT_TEAM = YU897ADY42;
				INFOPLIST_FILE = "PListing-AppTests/Info.plist";
				LD_RUNPATH_SEARCH_PATHS = "$(inherited) @executable_path/Frameworks @loader_path/Frameworks";
				PRODUCT_BUNDLE_IDENTIFIER = "Plitz.PListing-AppTests";
				PRODUCT_NAME = "$(TARGET_NAME)";
				SWIFT_VERSION = 4.0;
				TARGETED_DEVICE_FAMILY = "1,2";
				TEST_HOST = "$(BUILT_PRODUCTS_DIR)/PListing-App.app/PListing-App";
			};
			name = Release;
		};
		D51707E020E0B29500A9F305 /* Debug */ = {
			isa = XCBuildConfiguration;
			baseConfigurationReference = E748F7EA09D666883605B94E /* Pods-PListing-AppUITests.debug.xcconfig */;
			buildSettings = {
				ALWAYS_EMBED_SWIFT_STANDARD_LIBRARIES = YES;
				CODE_SIGN_STYLE = Automatic;
				DEVELOPMENT_TEAM = YU897ADY42;
				INFOPLIST_FILE = "PListing-AppUITests/Info.plist";
				LD_RUNPATH_SEARCH_PATHS = "$(inherited) @executable_path/Frameworks @loader_path/Frameworks";
				PRODUCT_BUNDLE_IDENTIFIER = "Plitz.PListing-AppUITests";
				PRODUCT_NAME = "$(TARGET_NAME)";
				SWIFT_VERSION = 4.0;
				TARGETED_DEVICE_FAMILY = "1,2";
				TEST_TARGET_NAME = "PListing-App";
			};
			name = Debug;
		};
		D51707E120E0B29500A9F305 /* Release */ = {
			isa = XCBuildConfiguration;
			baseConfigurationReference = 5848EFDE1B0022A78094252C /* Pods-PListing-AppUITests.release.xcconfig */;
			buildSettings = {
				ALWAYS_EMBED_SWIFT_STANDARD_LIBRARIES = YES;
				CODE_SIGN_STYLE = Automatic;
				DEVELOPMENT_TEAM = YU897ADY42;
				INFOPLIST_FILE = "PListing-AppUITests/Info.plist";
				LD_RUNPATH_SEARCH_PATHS = "$(inherited) @executable_path/Frameworks @loader_path/Frameworks";
				PRODUCT_BUNDLE_IDENTIFIER = "Plitz.PListing-AppUITests";
				PRODUCT_NAME = "$(TARGET_NAME)";
				SWIFT_VERSION = 4.0;
				TARGETED_DEVICE_FAMILY = "1,2";
				TEST_TARGET_NAME = "PListing-App";
			};
			name = Release;
		};
/* End XCBuildConfiguration section */

/* Begin XCConfigurationList section */
		D51707A920E0B29500A9F305 /* Build configuration list for PBXProject "PListing-App" */ = {
			isa = XCConfigurationList;
			buildConfigurations = (
				D51707D720E0B29500A9F305 /* Debug */,
				D51707D820E0B29500A9F305 /* Release */,
			);
			defaultConfigurationIsVisible = 0;
			defaultConfigurationName = Release;
		};
		D51707D920E0B29500A9F305 /* Build configuration list for PBXNativeTarget "PListing-App" */ = {
			isa = XCConfigurationList;
			buildConfigurations = (
				D51707DA20E0B29500A9F305 /* Debug */,
				D51707DB20E0B29500A9F305 /* Release */,
			);
			defaultConfigurationIsVisible = 0;
			defaultConfigurationName = Release;
		};
		D51707DC20E0B29500A9F305 /* Build configuration list for PBXNativeTarget "PListing-AppTests" */ = {
			isa = XCConfigurationList;
			buildConfigurations = (
				D51707DD20E0B29500A9F305 /* Debug */,
				D51707DE20E0B29500A9F305 /* Release */,
			);
			defaultConfigurationIsVisible = 0;
			defaultConfigurationName = Release;
		};
		D51707DF20E0B29500A9F305 /* Build configuration list for PBXNativeTarget "PListing-AppUITests" */ = {
			isa = XCConfigurationList;
			buildConfigurations = (
				D51707E020E0B29500A9F305 /* Debug */,
				D51707E120E0B29500A9F305 /* Release */,
			);
			defaultConfigurationIsVisible = 0;
			defaultConfigurationName = Release;
		};
/* End XCConfigurationList section */

/* Begin XCVersionGroup section */
		D51707B820E0B29500A9F305 /* PListing_App.xcdatamodeld */ = {
			isa = XCVersionGroup;
			children = (
				D51707B920E0B29500A9F305 /* PListing_App.xcdatamodel */,
			);
			currentVersion = D51707B920E0B29500A9F305 /* PListing_App.xcdatamodel */;
			path = PListing_App.xcdatamodeld;
			sourceTree = "<group>";
			versionGroupType = wrapper.xcdatamodel;
		};
/* End XCVersionGroup section */
	};
	rootObject = D51707A620E0B29500A9F305 /* Project object */;
}
